
Microsoft Visual Studio Solution File, Format Version 12.00
# Visual Studio 15
VisualStudioVersion = 15.0.28010.2050
MinimumVisualStudioVersion = 10.0.40219.1
Project("{FAE04EC0-301F-11D3-BF4B-00C04F79EFBC}") = "BookStore", "BookStore\BookStore.csproj", "{1C66233C-FD31-4177-A0A7-2A76158F0A55}"
EndProject
Global
	GlobalSection(SolutionConfigurationPlatforms) = preSolution
		Debug|Any CPU = Debug|Any CPU
		Release|Any CPU = Release|Any CPU
	EndGlobalSection
	GlobalSection(ProjectConfigurationPlatforms) = postSolution
		{1C66233C-FD31-4177-A0A7-2A76158F0A55}.Debug|Any CPU.ActiveCfg = Debug|Any CPU
		{1C66233C-FD31-4177-A0A7-2A76158F0A55}.Debug|Any CPU.Build.0 = Debug|Any CPU
		{1C66233C-FD31-4177-A0A7-2A76158F0A55}.Release|Any CPU.ActiveCfg = Release|Any CPU
		{1C66233C-FD31-4177-A0A7-2A76158F0A55}.Release|Any CPU.Build.0 = Release|Any CPU
	EndGlobalSection
	GlobalSection(SolutionProperties) = preSolution
		HideSolutionNode = FALSE
	EndGlobalSection
	GlobalSection(ExtensibilityGlobals) = postSolution
		SolutionGuid = {EF3DC5D1-FE5D-4C57-9D6E-7CAFA965466C}
	EndGlobalSection
EndGlobal
